
Microsoft Visual Studio Solution File, Format Version 12.00
# Visual Studio 15
VisualStudioVersion = 15.0.26730.12
MinimumVisualStudioVersion = 10.0.40219.1
Project("{2150E333-8FDC-42A3-9474-1A3956D46DE8}") = "External", "External", "{27F0A1D0-485D-4C90-8A84-655DF8A20262}"
EndProject
Project("{FAE04EC0-301F-11D3-BF4B-00C04F79EFBC}") = "Repository.Pattern", "Repository.Pattern\Repository.Pattern.csproj", "{6E682A14-C872-4813-B620-76E108DEA683}"
EndProject
Project("{FAE04EC0-301F-11D3-BF4B-00C04F79EFBC}") = "Repository.Pattern.Ef6", "Repository.Pattern.Ef6\Repository.Pattern.Ef6.csproj", "{F68A1D19-93FB-47C1-A22B-42BEA3E4FD8C}"
EndProject
Project("{2150E333-8FDC-42A3-9474-1A3956D46DE8}") = "Data", "Data", "{3DD5498E-88E6-4856-99A6-587ACD0EFB2B}"
EndProject
Project("{FAE04EC0-301F-11D3-BF4B-00C04F79EFBC}") = "Pikit.Data", "Pikit.Data\Pikit.Data.csproj", "{C2CAFC78-564C-410F-B2DF-E20A896ED192}"
EndProject
Project("{2150E333-8FDC-42A3-9474-1A3956D46DE8}") = "Domain", "Domain", "{B59DB314-BA5D-4934-ADA0-C63734CBD32F}"
EndProject
Project("{FAE04EC0-301F-11D3-BF4B-00C04F79EFBC}") = "Pikit.Domain", "Pikit.Domain\Pikit.Domain.csproj", "{498BC2CA-F227-4021-9B9A-ACF8F7CEE672}"
EndProject
Project("{FAE04EC0-301F-11D3-BF4B-00C04F79EFBC}") = "Pikit.Domain.Core", "Pikit.Domain.Core\Pikit.Domain.Core.csproj", "{4C781E01-3861-4604-8D6A-9A150C319633}"
EndProject
Project("{2150E333-8FDC-42A3-9474-1A3956D46DE8}") = "Infrastructure", "Infrastructure", "{3F209592-E197-405D-B520-9E72F5C673B6}"
EndProject
Project("{FAE04EC0-301F-11D3-BF4B-00C04F79EFBC}") = "Pikit.Infrastructure", "Pikit.Infrastructure\Pikit.Infrastructure.csproj", "{3158CEF2-D6DD-4F19-B400-C1629B497AF0}"
EndProject
Project("{2150E333-8FDC-42A3-9474-1A3956D46DE8}") = "Application", "Application", "{F5D09739-45D0-4256-A027-9105E0DD3AA2}"
EndProject
Project("{FAE04EC0-301F-11D3-BF4B-00C04F79EFBC}") = "Pikit.Application.WebApi", "Pikit.Application.WebApi\Pikit.Application.WebApi.csproj", "{3D534DA2-54DE-4E14-89CD-1A38F1DCC3D2}"
EndProject
Global
	GlobalSection(SolutionConfigurationPlatforms) = preSolution
		Debug|Any CPU = Debug|Any CPU
		Debug|x86 = Debug|x86
		DEV|Any CPU = DEV|Any CPU
		DEV|x86 = DEV|x86
		Release|Any CPU = Release|Any CPU
		Release|x86 = Release|x86
	EndGlobalSection
	GlobalSection(ProjectConfigurationPlatforms) = postSolution
		{6E682A14-C872-4813-B620-76E108DEA683}.Debug|Any CPU.ActiveCfg = Debug|Any CPU
		{6E682A14-C872-4813-B620-76E108DEA683}.Debug|Any CPU.Build.0 = Debug|Any CPU
		{6E682A14-C872-4813-B620-76E108DEA683}.Debug|x86.ActiveCfg = Debug|x86
		{6E682A14-C872-4813-B620-76E108DEA683}.Debug|x86.Build.0 = Debug|x86
		{6E682A14-C872-4813-B620-76E108DEA683}.DEV|Any CPU.ActiveCfg = DEV|Any CPU
		{6E682A14-C872-4813-B620-76E108DEA683}.DEV|Any CPU.Build.0 = DEV|Any CPU
		{6E682A14-C872-4813-B620-76E108DEA683}.DEV|x86.ActiveCfg = DEV|x86
		{6E682A14-C872-4813-B620-76E108DEA683}.DEV|x86.Build.0 = DEV|x86
		{6E682A14-C872-4813-B620-76E108DEA683}.Release|Any CPU.ActiveCfg = Release|Any CPU
		{6E682A14-C872-4813-B620-76E108DEA683}.Release|Any CPU.Build.0 = Release|Any CPU
		{6E682A14-C872-4813-B620-76E108DEA683}.Release|x86.ActiveCfg = Release|x86
		{6E682A14-C872-4813-B620-76E108DEA683}.Release|x86.Build.0 = Release|x86
		{F68A1D19-93FB-47C1-A22B-42BEA3E4FD8C}.Debug|Any CPU.ActiveCfg = Debug|Any CPU
		{F68A1D19-93FB-47C1-A22B-42BEA3E4FD8C}.Debug|Any CPU.Build.0 = Debug|Any CPU
		{F68A1D19-93FB-47C1-A22B-42BEA3E4FD8C}.Debug|x86.ActiveCfg = Debug|Any CPU
		{F68A1D19-93FB-47C1-A22B-42BEA3E4FD8C}.Debug|x86.Build.0 = Debug|Any CPU
		{F68A1D19-93FB-47C1-A22B-42BEA3E4FD8C}.DEV|Any CPU.ActiveCfg = DEV|Any CPU
		{F68A1D19-93FB-47C1-A22B-42BEA3E4FD8C}.DEV|Any CPU.Build.0 = DEV|Any CPU
		{F68A1D19-93FB-47C1-A22B-42BEA3E4FD8C}.DEV|x86.ActiveCfg = DEV|Any CPU
		{F68A1D19-93FB-47C1-A22B-42BEA3E4FD8C}.DEV|x86.Build.0 = DEV|Any CPU
		{F68A1D19-93FB-47C1-A22B-42BEA3E4FD8C}.Release|Any CPU.ActiveCfg = Release|Any CPU
		{F68A1D19-93FB-47C1-A22B-42BEA3E4FD8C}.Release|Any CPU.Build.0 = Release|Any CPU
		{F68A1D19-93FB-47C1-A22B-42BEA3E4FD8C}.Release|x86.ActiveCfg = Release|Any CPU
		{F68A1D19-93FB-47C1-A22B-42BEA3E4FD8C}.Release|x86.Build.0 = Release|Any CPU
		{C2CAFC78-564C-410F-B2DF-E20A896ED192}.Debug|Any CPU.ActiveCfg = Debug|Any CPU
		{C2CAFC78-564C-410F-B2DF-E20A896ED192}.Debug|Any CPU.Build.0 = Debug|Any CPU
		{C2CAFC78-564C-410F-B2DF-E20A896ED192}.Debug|x86.ActiveCfg = Debug|Any CPU
		{C2CAFC78-564C-410F-B2DF-E20A896ED192}.Debug|x86.Build.0 = Debug|Any CPU
		{C2CAFC78-564C-410F-B2DF-E20A896ED192}.DEV|Any CPU.ActiveCfg = DEV|Any CPU
		{C2CAFC78-564C-410F-B2DF-E20A896ED192}.DEV|Any CPU.Build.0 = DEV|Any CPU
		{C2CAFC78-564C-410F-B2DF-E20A896ED192}.DEV|x86.ActiveCfg = Debug|Any CPU
		{C2CAFC78-564C-410F-B2DF-E20A896ED192}.DEV|x86.Build.0 = Debug|Any CPU
		{C2CAFC78-564C-410F-B2DF-E20A896ED192}.Release|Any CPU.ActiveCfg = Release|Any CPU
		{C2CAFC78-564C-410F-B2DF-E20A896ED192}.Release|Any CPU.Build.0 = Release|Any CPU
		{C2CAFC78-564C-410F-B2DF-E20A896ED192}.Release|x86.ActiveCfg = Release|Any CPU
		{C2CAFC78-564C-410F-B2DF-E20A896ED192}.Release|x86.Build.0 = Release|Any CPU
		{498BC2CA-F227-4021-9B9A-ACF8F7CEE672}.Debug|Any CPU.ActiveCfg = Debug|Any CPU
		{498BC2CA-F227-4021-9B9A-ACF8F7CEE672}.Debug|Any CPU.Build.0 = Debug|Any CPU
		{498BC2CA-F227-4021-9B9A-ACF8F7CEE672}.Debug|x86.ActiveCfg = Debug|Any CPU
		{498BC2CA-F227-4021-9B9A-ACF8F7CEE672}.Debug|x86.Build.0 = Debug|Any CPU
		{498BC2CA-F227-4021-9B9A-ACF8F7CEE672}.DEV|Any CPU.ActiveCfg = DEV|Any CPU
		{498BC2CA-F227-4021-9B9A-ACF8F7CEE672}.DEV|Any CPU.Build.0 = DEV|Any CPU
		{498BC2CA-F227-4021-9B9A-ACF8F7CEE672}.DEV|x86.ActiveCfg = Debug|Any CPU
		{498BC2CA-F227-4021-9B9A-ACF8F7CEE672}.DEV|x86.Build.0 = Debug|Any CPU
		{498BC2CA-F227-4021-9B9A-ACF8F7CEE672}.Release|Any CPU.ActiveCfg = Release|Any CPU
		{498BC2CA-F227-4021-9B9A-ACF8F7CEE672}.Release|Any CPU.Build.0 = Release|Any CPU
		{498BC2CA-F227-4021-9B9A-ACF8F7CEE672}.Release|x86.ActiveCfg = Release|Any CPU
		{498BC2CA-F227-4021-9B9A-ACF8F7CEE672}.Release|x86.Build.0 = Release|Any CPU
		{4C781E01-3861-4604-8D6A-9A150C319633}.Debug|Any CPU.ActiveCfg = Debug|Any CPU
		{4C781E01-3861-4604-8D6A-9A150C319633}.Debug|Any CPU.Build.0 = Debug|Any CPU
		{4C781E01-3861-4604-8D6A-9A150C319633}.Debug|x86.ActiveCfg = Debug|Any CPU
		{4C781E01-3861-4604-8D6A-9A150C319633}.Debug|x86.Build.0 = Debug|Any CPU
		{4C781E01-3861-4604-8D6A-9A150C319633}.DEV|Any CPU.ActiveCfg = DEV|Any CPU
		{4C781E01-3861-4604-8D6A-9A150C319633}.DEV|Any CPU.Build.0 = DEV|Any CPU
		{4C781E01-3861-4604-8D6A-9A150C319633}.DEV|x86.ActiveCfg = Debug|Any CPU
		{4C781E01-3861-4604-8D6A-9A150C319633}.DEV|x86.Build.0 = Debug|Any CPU
		{4C781E01-3861-4604-8D6A-9A150C319633}.Release|Any CPU.ActiveCfg = Release|Any CPU
		{4C781E01-3861-4604-8D6A-9A150C319633}.Release|Any CPU.Build.0 = Release|Any CPU
		{4C781E01-3861-4604-8D6A-9A150C319633}.Release|x86.ActiveCfg = Release|Any CPU
		{4C781E01-3861-4604-8D6A-9A150C319633}.Release|x86.Build.0 = Release|Any CPU
		{3158CEF2-D6DD-4F19-B400-C1629B497AF0}.Debug|Any CPU.ActiveCfg = Debug|Any CPU
		{3158CEF2-D6DD-4F19-B400-C1629B497AF0}.Debug|Any CPU.Build.0 = Debug|Any CPU
		{3158CEF2-D6DD-4F19-B400-C1629B497AF0}.Debug|x86.ActiveCfg = Debug|Any CPU
		{3158CEF2-D6DD-4F19-B400-C1629B497AF0}.Debug|x86.Build.0 = Debug|Any CPU
		{3158CEF2-D6DD-4F19-B400-C1629B497AF0}.DEV|Any CPU.ActiveCfg = DEV|Any CPU
		{3158CEF2-D6DD-4F19-B400-C1629B497AF0}.DEV|Any CPU.Build.0 = DEV|Any CPU
		{3158CEF2-D6DD-4F19-B400-C1629B497AF0}.DEV|x86.ActiveCfg = Debug|Any CPU
		{3158CEF2-D6DD-4F19-B400-C1629B497AF0}.DEV|x86.Build.0 = Debug|Any CPU
		{3158CEF2-D6DD-4F19-B400-C1629B497AF0}.Release|Any CPU.ActiveCfg = Release|Any CPU
		{3158CEF2-D6DD-4F19-B400-C1629B497AF0}.Release|Any CPU.Build.0 = Release|Any CPU
		{3158CEF2-D6DD-4F19-B400-C1629B497AF0}.Release|x86.ActiveCfg = Release|Any CPU
		{3158CEF2-D6DD-4F19-B400-C1629B497AF0}.Release|x86.Build.0 = Release|Any CPU
		{3D534DA2-54DE-4E14-89CD-1A38F1DCC3D2}.Debug|Any CPU.ActiveCfg = Debug|Any CPU
		{3D534DA2-54DE-4E14-89CD-1A38F1DCC3D2}.Debug|Any CPU.Build.0 = Debug|Any CPU
		{3D534DA2-54DE-4E14-89CD-1A38F1DCC3D2}.Debug|x86.ActiveCfg = Debug|Any CPU
		{3D534DA2-54DE-4E14-89CD-1A38F1DCC3D2}.Debug|x86.Build.0 = Debug|Any CPU
		{3D534DA2-54DE-4E14-89CD-1A38F1DCC3D2}.DEV|Any CPU.ActiveCfg = DEV|Any CPU
		{3D534DA2-54DE-4E14-89CD-1A38F1DCC3D2}.DEV|Any CPU.Build.0 = DEV|Any CPU
		{3D534DA2-54DE-4E14-89CD-1A38F1DCC3D2}.DEV|x86.ActiveCfg = Debug|Any CPU
		{3D534DA2-54DE-4E14-89CD-1A38F1DCC3D2}.DEV|x86.Build.0 = Debug|Any CPU
		{3D534DA2-54DE-4E14-89CD-1A38F1DCC3D2}.Release|Any CPU.ActiveCfg = Release|Any CPU
		{3D534DA2-54DE-4E14-89CD-1A38F1DCC3D2}.Release|Any CPU.Build.0 = Release|Any CPU
		{3D534DA2-54DE-4E14-89CD-1A38F1DCC3D2}.Release|x86.ActiveCfg = Release|Any CPU
		{3D534DA2-54DE-4E14-89CD-1A38F1DCC3D2}.Release|x86.Build.0 = Release|Any CPU
	EndGlobalSection
	GlobalSection(SolutionProperties) = preSolution
		HideSolutionNode = FALSE
	EndGlobalSection
	GlobalSection(NestedProjects) = preSolution
		{6E682A14-C872-4813-B620-76E108DEA683} = {27F0A1D0-485D-4C90-8A84-655DF8A20262}
		{F68A1D19-93FB-47C1-A22B-42BEA3E4FD8C} = {27F0A1D0-485D-4C90-8A84-655DF8A20262}
		{C2CAFC78-564C-410F-B2DF-E20A896ED192} = {3DD5498E-88E6-4856-99A6-587ACD0EFB2B}
		{498BC2CA-F227-4021-9B9A-ACF8F7CEE672} = {B59DB314-BA5D-4934-ADA0-C63734CBD32F}
		{4C781E01-3861-4604-8D6A-9A150C319633} = {B59DB314-BA5D-4934-ADA0-C63734CBD32F}
		{3158CEF2-D6DD-4F19-B400-C1629B497AF0} = {3F209592-E197-405D-B520-9E72F5C673B6}
		{3D534DA2-54DE-4E14-89CD-1A38F1DCC3D2} = {F5D09739-45D0-4256-A027-9105E0DD3AA2}
	EndGlobalSection
	GlobalSection(ExtensibilityGlobals) = postSolution
		SolutionGuid = {29109976-0261-44FE-933A-94FD6E36FCE0}
	EndGlobalSection
EndGlobal
